
Microsoft Visual Studio Solution File, Format Version 12.00
# Visual Studio Version 17
VisualStudioVersion = 17.4.33213.308
MinimumVisualStudioVersion = 10.0.40219.1
Project("{FAE04EC0-301F-11D3-BF4B-00C04F79EFBC}") = "FunkcjeFinansowe.Tests", "FunkcjeFinansowe.Tests\FunkcjeFinansowe.Tests.csproj", "{C5079F31-D644-40D6-AB03-0DE92C6C5BAB}"
	ProjectSection(ProjectDependencies) = postProject
		{457A9452-0422-433D-A722-F46D783BA75E} = {457A9452-0422-433D-A722-F46D783BA75E}
	EndProjectSection
EndProject
Project("{FAE04EC0-301F-11D3-BF4B-00C04F79EFBC}") = "FunkcjeFinansowe", "FunkcjeFinansowe\FunkcjeFinansowe.csproj", "{457A9452-0422-433D-A722-F46D783BA75E}"
EndProject
Global
	GlobalSection(SolutionConfigurationPlatforms) = preSolution
		Debug|Any CPU = Debug|Any CPU
		Release|Any CPU = Release|Any CPU
	EndGlobalSection
	GlobalSection(ProjectConfigurationPlatforms) = postSolution
		{C5079F31-D644-40D6-AB03-0DE92C6C5BAB}.Debug|Any CPU.ActiveCfg = Debug|Any CPU
		{C5079F31-D644-40D6-AB03-0DE92C6C5BAB}.Debug|Any CPU.Build.0 = Debug|Any CPU
		{C5079F31-D644-40D6-AB03-0DE92C6C5BAB}.Release|Any CPU.ActiveCfg = Release|Any CPU
		{C5079F31-D644-40D6-AB03-0DE92C6C5BAB}.Release|Any CPU.Build.0 = Release|Any CPU
		{457A9452-0422-433D-A722-F46D783BA75E}.Debug|Any CPU.ActiveCfg = Debug|Any CPU
		{457A9452-0422-433D-A722-F46D783BA75E}.Debug|Any CPU.Build.0 = Debug|Any CPU
		{457A9452-0422-433D-A722-F46D783BA75E}.Release|Any CPU.ActiveCfg = Release|Any CPU
		{457A9452-0422-433D-A722-F46D783BA75E}.Release|Any CPU.Build.0 = Release|Any CPU
	EndGlobalSection
	GlobalSection(SolutionProperties) = preSolution
		HideSolutionNode = FALSE
	EndGlobalSection
	GlobalSection(ExtensibilityGlobals) = postSolution
		SolutionGuid = {41268DB9-3BE5-4D60-8EBE-5DCFCF5AEAC5}
	EndGlobalSection
EndGlobal
